
Microsoft Visual Studio Solution File, Format Version 12.00
# Visual Studio Version 17
VisualStudioVersion = 17.14.36127.28
MinimumVisualStudioVersion = 10.0.40219.1
Project("{FAE04EC0-301F-11D3-BF4B-00C04F79EFBC}") = "Hostly.Domain", "src\Hostly.Domain\Hostly.Domain.csproj", "{F75F67F6-9C8A-7AC5-C165-E0D684F49E86}"
EndProject
Project("{2150E333-8FDC-42A3-9474-1A3956D46DE8}") = "src", "src", "{02EA681E-C7D8-13C7-8484-4AC65E1B71E8}"
EndProject
Project("{2150E333-8FDC-42A3-9474-1A3956D46DE8}") = "tests", "tests", "{997A1A07-650C-4540-A047-42CFBF95ED38}"
EndProject
Project("{FAE04EC0-301F-11D3-BF4B-00C04F79EFBC}") = "Hostly.Application", "src\Hostly.Application\Hostly.Application.csproj", "{8BC51049-C2A4-4AD6-B6F1-8D8AED8C1398}"
EndProject
Project("{FAE04EC0-301F-11D3-BF4B-00C04F79EFBC}") = "Hostly.Infrastructure", "src\Hostly.Infrastructure\Hostly.Infrastructure.csproj", "{0960DE60-C3DE-4A19-97BE-CB099D9E0273}"
EndProject
Global
	GlobalSection(SolutionConfigurationPlatforms) = preSolution
		Debug|Any CPU = Debug|Any CPU
		Release|Any CPU = Release|Any CPU
	EndGlobalSection
	GlobalSection(ProjectConfigurationPlatforms) = postSolution
		{F75F67F6-9C8A-7AC5-C165-E0D684F49E86}.Debug|Any CPU.ActiveCfg = Debug|Any CPU
		{F75F67F6-9C8A-7AC5-C165-E0D684F49E86}.Debug|Any CPU.Build.0 = Debug|Any CPU
		{F75F67F6-9C8A-7AC5-C165-E0D684F49E86}.Release|Any CPU.ActiveCfg = Release|Any CPU
		{F75F67F6-9C8A-7AC5-C165-E0D684F49E86}.Release|Any CPU.Build.0 = Release|Any CPU
		{8BC51049-C2A4-4AD6-B6F1-8D8AED8C1398}.Debug|Any CPU.ActiveCfg = Debug|Any CPU
		{8BC51049-C2A4-4AD6-B6F1-8D8AED8C1398}.Debug|Any CPU.Build.0 = Debug|Any CPU
		{8BC51049-C2A4-4AD6-B6F1-8D8AED8C1398}.Release|Any CPU.ActiveCfg = Release|Any CPU
		{8BC51049-C2A4-4AD6-B6F1-8D8AED8C1398}.Release|Any CPU.Build.0 = Release|Any CPU
		{0960DE60-C3DE-4A19-97BE-CB099D9E0273}.Debug|Any CPU.ActiveCfg = Debug|Any CPU
		{0960DE60-C3DE-4A19-97BE-CB099D9E0273}.Debug|Any CPU.Build.0 = Debug|Any CPU
		{0960DE60-C3DE-4A19-97BE-CB099D9E0273}.Release|Any CPU.ActiveCfg = Release|Any CPU
		{0960DE60-C3DE-4A19-97BE-CB099D9E0273}.Release|Any CPU.Build.0 = Release|Any CPU
	EndGlobalSection
	GlobalSection(SolutionProperties) = preSolution
		HideSolutionNode = FALSE
	EndGlobalSection
	GlobalSection(NestedProjects) = preSolution
		{F75F67F6-9C8A-7AC5-C165-E0D684F49E86} = {02EA681E-C7D8-13C7-8484-4AC65E1B71E8}
		{8BC51049-C2A4-4AD6-B6F1-8D8AED8C1398} = {02EA681E-C7D8-13C7-8484-4AC65E1B71E8}
		{0960DE60-C3DE-4A19-97BE-CB099D9E0273} = {02EA681E-C7D8-13C7-8484-4AC65E1B71E8}
	EndGlobalSection
	GlobalSection(ExtensibilityGlobals) = postSolution
		SolutionGuid = {CC4C6E4A-29F0-4702-84C0-F16AE3523ECB}
	EndGlobalSection
EndGlobal
